{
  "name": "3d-model-converter",
  "version": "1.0.0",
  "lockfileVersion": 3,
  "requires": true,
  "packages": {
    "": {
      "name": "3d-model-converter",
      "version": "1.0.0",
      "dependencies": {
        "three": "^0.160.0",
        "three-csg-ts": "^1.0.0"
      }
    },
    "node_modules/three": {
      "version": "0.160.1",
      "resolved": "https://registry.npmjs.org/three/-/three-0.160.1.tgz",
      "integrity": "sha512-Bgl2wPJypDOZ1stAxwfWAcJ0WQf7QzlptsxkjYiURPz+n5k4RBDLsq+6f9Y75TYxn6aHLcWz+JNmwTOXWrQTBQ==",
      "license": "MIT"
    },
    "node_modules/three-csg-ts": {
      "version": "1.0.6",
      "resolved": "https://registry.npmjs.org/three-csg-ts/-/three-csg-ts-1.0.6.tgz",
      "integrity": "sha512-jTH3bGsio5YfpCqYOM1DtsZeKWHsb/9XtOMJY8hPY4EErFFEMxkJ0nLH6cnsaM8JSbfXu7QjQpkFfGfpoiz2VA==",
      "license": "MIT",
      "peerDependencies": {
        "three": ">= 0.113.0 < 1"
      }
    }
  }
}
